
Microsoft Visual Studio Solution File, Format Version 12.00
# Visual Studio Version 16
VisualStudioVersion = 16.0.29318.209
MinimumVisualStudioVersion = 10.0.40219.1
Project("{FAE04EC0-301F-11D3-BF4B-00C04F79EFBC}") = "OnlineShop", "OnlineShop\OnlineShop.csproj", "{4C2BECF8-E0E4-4F65-AE1A-692CCB1E59A6}"
EndProject
Project("{FAE04EC0-301F-11D3-BF4B-00C04F79EFBC}") = "OnlineShop.Tests", "OnlineShop.Tests\OnlineShop.Tests.csproj", "{2B635EBD-3715-473B-B055-25EDF4D1EC2D}"
EndProject
Project("{FAE04EC0-301F-11D3-BF4B-00C04F79EFBC}") = "Models", "Models\Models.csproj", "{12F20950-1F89-4D53-9EFE-817C8979E7BA}"
EndProject
Global
	GlobalSection(SolutionConfigurationPlatforms) = preSolution
		Debug|Any CPU = Debug|Any CPU
		Release|Any CPU = Release|Any CPU
	EndGlobalSection
	GlobalSection(ProjectConfigurationPlatforms) = postSolution
		{4C2BECF8-E0E4-4F65-AE1A-692CCB1E59A6}.Debug|Any CPU.ActiveCfg = Debug|Any CPU
		{4C2BECF8-E0E4-4F65-AE1A-692CCB1E59A6}.Debug|Any CPU.Build.0 = Debug|Any CPU
		{4C2BECF8-E0E4-4F65-AE1A-692CCB1E59A6}.Release|Any CPU.ActiveCfg = Release|Any CPU
		{4C2BECF8-E0E4-4F65-AE1A-692CCB1E59A6}.Release|Any CPU.Build.0 = Release|Any CPU
		{2B635EBD-3715-473B-B055-25EDF4D1EC2D}.Debug|Any CPU.ActiveCfg = Debug|Any CPU
		{2B635EBD-3715-473B-B055-25EDF4D1EC2D}.Debug|Any CPU.Build.0 = Debug|Any CPU
		{2B635EBD-3715-473B-B055-25EDF4D1EC2D}.Release|Any CPU.ActiveCfg = Release|Any CPU
		{2B635EBD-3715-473B-B055-25EDF4D1EC2D}.Release|Any CPU.Build.0 = Release|Any CPU
		{12F20950-1F89-4D53-9EFE-817C8979E7BA}.Debug|Any CPU.ActiveCfg = Debug|Any CPU
		{12F20950-1F89-4D53-9EFE-817C8979E7BA}.Debug|Any CPU.Build.0 = Debug|Any CPU
		{12F20950-1F89-4D53-9EFE-817C8979E7BA}.Release|Any CPU.ActiveCfg = Release|Any CPU
		{12F20950-1F89-4D53-9EFE-817C8979E7BA}.Release|Any CPU.Build.0 = Release|Any CPU
	EndGlobalSection
	GlobalSection(SolutionProperties) = preSolution
		HideSolutionNode = FALSE
	EndGlobalSection
	GlobalSection(ExtensibilityGlobals) = postSolution
		SolutionGuid = {5DCC24CC-0987-4E2B-927D-65EE74DCFD6A}
	EndGlobalSection
EndGlobal
